<?xml version="1.0" encoding="utf-8"?>
<Project ToolsVersion="4.0" xmlns="http://schemas.microsoft.com/developer/msbuild/2003">
  <ItemGroup>
    <Filter Include="Исходные файлы">
      <UniqueIdentifier>{4FC737F1-C7A5-4376-A066-2A32D752A2FF}</UniqueIdentifier>
      <Extensions>cpp;c;cc;cxx;c++;cppm;ixx;def;odl;idl;hpj;bat;asm;asmx</Extensions>
    </Filter>
    <Filter Include="Файлы заголовков">
      <UniqueIdentifier>{93995380-89BD-4b04-88EB-625FBE52EBFB}</UniqueIdentifier>
      <Extensions>h;hh;hpp;hxx;h++;hm;inl;inc;ipp;xsd</Extensions>
    </Filter>
    <Filter Include="Файлы ресурсов">
      <UniqueIdentifier>{67DA6AB6-F800-4c08-8B7A-83BB121AAD01}</UniqueIdentifier>
      <Extensions>rc;ico;cur;bmp;dlg;rc2;rct;bin;rgs;gif;jpg;jpeg;jpe;resx;tiff;tif;png;wav;mfcribbon-ms</Extensions>
    </Filter>
  </ItemGroup>
  <ItemGroup>
    <ClInclude Include="tup_v1_transfer.h">
      <Filter>Файлы заголовков</Filter>
    </ClInclude>
    <ClInclude Include="tup_frame_sender.h">
      <Filter>Файлы заголовков</Filter>
    </ClInclude>
    <ClInclude Include="tup_frame_receiver.h">
      <Filter>Файлы заголовков</Filter>
    </ClInclude>
    <ClInclude Include="tup_crc32.h">
      <Filter>Файлы заголовков</Filter>
    </ClInclude>
    <ClInclude Include="tup_header.h">
      <Filter>Файлы заголовков</Filter>
    </ClInclude>
    <ClInclude Include="tup_types.h">
      <Filter>Файлы заголовков</Filter>
    </ClInclude>
    <ClInclude Include="tup_body.h">
      <Filter>Файлы заголовков</Filter>
    </ClInclude>
    <ClInclude Include="tup_endianness.h">
      <Filter>Файлы заголовков</Filter>
    </ClInclude>
    <ClInclude Include="tup_bufReader.h">
      <Filter>Файлы заголовков</Filter>
    </ClInclude>
    <ClInclude Include="tup_bufWriter.h">
      <Filter>Файлы заголовков</Filter>
    </ClInclude>
    <ClInclude Include="tup_v1_body.h">
      <Filter>Файлы заголовков</Filter>
    </ClInclude>
    <ClInclude Include="tup_v1_types.h">
      <Filter>Файлы заголовков</Filter>
    </ClInclude>
  </ItemGroup>
  <ItemGroup>
    <ClCompile Include="tup_frame_receiver.c">
      <Filter>Исходные файлы</Filter>
    </ClCompile>
    <ClCompile Include="tup_header.c">
      <Filter>Исходные файлы</Filter>
    </ClCompile>
    <ClCompile Include="tup_body.c">
      <Filter>Исходные файлы</Filter>
    </ClCompile>
    <ClCompile Include="tup_frame_sender.c">
      <Filter>Исходные файлы</Filter>
    </ClCompile>
    <ClCompile Include="tup_endianness.c">
      <Filter>Исходные файлы</Filter>
    </ClCompile>
    <ClCompile Include="tup_crc32.c">
      <Filter>Исходные файлы</Filter>
    </ClCompile>
    <ClCompile Include="tup_bufReader.c">
      <Filter>Исходные файлы</Filter>
    </ClCompile>
    <ClCompile Include="tup_bufWriter.c">
      <Filter>Исходные файлы</Filter>
    </ClCompile>
    <ClCompile Include="tup_v1_body.c">
      <Filter>Исходные файлы</Filter>
    </ClCompile>
    <ClCompile Include="tup_v1_transfer.c">
      <Filter>Исходные файлы</Filter>
    </ClCompile>
  </ItemGroup>
</Project>